Microsoft Visual Studio Solution File, Format Version 12.00
# Visual Studio Version 17
VisualStudioVersion = 17.5.2.0
MinimumVisualStudioVersion = 10.0.40219.1
Project("{FAE04EC0-301F-11D3-BF4B-00C04F79EFBC}") = "CloneablePoint", "CloneablePoint.csproj", "{01311DFB-FE66-1E2C-DC18-FC83194794BB}"
EndProject
Global
	GlobalSection(SolutionConfigurationPlatforms) = preSolution
		Debug|Any CPU = Debug|Any CPU
		Release|Any CPU = Release|Any CPU
	EndGlobalSection
	GlobalSection(ProjectConfigurationPlatforms) = postSolution
		{01311DFB-FE66-1E2C-DC18-FC83194794BB}.Debug|Any CPU.ActiveCfg = Debug|Any CPU
		{01311DFB-FE66-1E2C-DC18-FC83194794BB}.Debug|Any CPU.Build.0 = Debug|Any CPU
		{01311DFB-FE66-1E2C-DC18-FC83194794BB}.Release|Any CPU.ActiveCfg = Release|Any CPU
		{01311DFB-FE66-1E2C-DC18-FC83194794BB}.Release|Any CPU.Build.0 = Release|Any CPU
	EndGlobalSection
	GlobalSection(SolutionProperties) = preSolution
		HideSolutionNode = FALSE
	EndGlobalSection
	GlobalSection(ExtensibilityGlobals) = postSolution
		SolutionGuid = {10C07DD6-621A-4121-847F-52F3A56DE36B}
	EndGlobalSection
EndGlobal
