Microsoft Visual Studio Solution File, Format Version 12.00
# Visual Studio Version 17
VisualStudioVersion = 17.5.2.0
MinimumVisualStudioVersion = 10.0.40219.1
Project("{FAE04EC0-301F-11D3-BF4B-00C04F79EFBC}") = "AutoLot.Samples", "AutoLot.Samples.csproj", "{73F02169-DA69-3585-4053-8DF1CD41514B}"
EndProject
Global
	GlobalSection(SolutionConfigurationPlatforms) = preSolution
		Debug|Any CPU = Debug|Any CPU
		Release|Any CPU = Release|Any CPU
	EndGlobalSection
	GlobalSection(ProjectConfigurationPlatforms) = postSolution
		{73F02169-DA69-3585-4053-8DF1CD41514B}.Debug|Any CPU.ActiveCfg = Debug|Any CPU
		{73F02169-DA69-3585-4053-8DF1CD41514B}.Debug|Any CPU.Build.0 = Debug|Any CPU
		{73F02169-DA69-3585-4053-8DF1CD41514B}.Release|Any CPU.ActiveCfg = Release|Any CPU
		{73F02169-DA69-3585-4053-8DF1CD41514B}.Release|Any CPU.Build.0 = Release|Any CPU
	EndGlobalSection
	GlobalSection(SolutionProperties) = preSolution
		HideSolutionNode = FALSE
	EndGlobalSection
	GlobalSection(ExtensibilityGlobals) = postSolution
		SolutionGuid = {B1874B3D-2CBA-4BBB-A13B-EEA70F411C77}
	EndGlobalSection
EndGlobal
